
Microsoft Visual Studio Solution File, Format Version 12.00
# Visual Studio Version 17
VisualStudioVersion = 17.10.35027.167
MinimumVisualStudioVersion = 10.0.40219.1
Project("{FAE04EC0-301F-11D3-BF4B-00C04F79EFBC}") = "GamerWeb", "GamerWeb\GamerWeb.csproj", "{6AD9F08E-77DD-4402-BDA2-CB3147658789}"
EndProject
Project("{FAE04EC0-301F-11D3-BF4B-00C04F79EFBC}") = "GamerWeb.Entity", "GamerWeb.Entity\GamerWeb.Entity.csproj", "{B14187D4-296C-4D69-BAA9-C6484BF8992D}"
EndProject
Project("{FAE04EC0-301F-11D3-BF4B-00C04F79EFBC}") = "GamerWeb.DataAccess", "GamerWeb.DataAccess\GamerWeb.DataAccess.csproj", "{5B38023C-E12D-4B2B-B48B-CD42C813167C}"
EndProject
Project("{FAE04EC0-301F-11D3-BF4B-00C04F79EFBC}") = "GamerWeb.Dto", "GamerWeb.Dto\GamerWeb.Dto.csproj", "{EC34E54D-911A-4274-A22F-2040DDDB933D}"
EndProject
Project("{FAE04EC0-301F-11D3-BF4B-00C04F79EFBC}") = "GamerWeb.Business", "GamerWeb.Business\GamerWeb.Business.csproj", "{F1F535E7-03A6-463C-8AB1-B7B467B93D9A}"
EndProject
Global
	GlobalSection(SolutionConfigurationPlatforms) = preSolution
		Debug|Any CPU = Debug|Any CPU
		Release|Any CPU = Release|Any CPU
	EndGlobalSection
	GlobalSection(ProjectConfigurationPlatforms) = postSolution
		{6AD9F08E-77DD-4402-BDA2-CB3147658789}.Debug|Any CPU.ActiveCfg = Debug|Any CPU
		{6AD9F08E-77DD-4402-BDA2-CB3147658789}.Debug|Any CPU.Build.0 = Debug|Any CPU
		{6AD9F08E-77DD-4402-BDA2-CB3147658789}.Release|Any CPU.ActiveCfg = Release|Any CPU
		{6AD9F08E-77DD-4402-BDA2-CB3147658789}.Release|Any CPU.Build.0 = Release|Any CPU
		{B14187D4-296C-4D69-BAA9-C6484BF8992D}.Debug|Any CPU.ActiveCfg = Debug|Any CPU
		{B14187D4-296C-4D69-BAA9-C6484BF8992D}.Debug|Any CPU.Build.0 = Debug|Any CPU
		{B14187D4-296C-4D69-BAA9-C6484BF8992D}.Release|Any CPU.ActiveCfg = Release|Any CPU
		{B14187D4-296C-4D69-BAA9-C6484BF8992D}.Release|Any CPU.Build.0 = Release|Any CPU
		{5B38023C-E12D-4B2B-B48B-CD42C813167C}.Debug|Any CPU.ActiveCfg = Debug|Any CPU
		{5B38023C-E12D-4B2B-B48B-CD42C813167C}.Debug|Any CPU.Build.0 = Debug|Any CPU
		{5B38023C-E12D-4B2B-B48B-CD42C813167C}.Release|Any CPU.ActiveCfg = Release|Any CPU
		{5B38023C-E12D-4B2B-B48B-CD42C813167C}.Release|Any CPU.Build.0 = Release|Any CPU
		{EC34E54D-911A-4274-A22F-2040DDDB933D}.Debug|Any CPU.ActiveCfg = Debug|Any CPU
		{EC34E54D-911A-4274-A22F-2040DDDB933D}.Debug|Any CPU.Build.0 = Debug|Any CPU
		{EC34E54D-911A-4274-A22F-2040DDDB933D}.Release|Any CPU.ActiveCfg = Release|Any CPU
		{EC34E54D-911A-4274-A22F-2040DDDB933D}.Release|Any CPU.Build.0 = Release|Any CPU
		{F1F535E7-03A6-463C-8AB1-B7B467B93D9A}.Debug|Any CPU.ActiveCfg = Debug|Any CPU
		{F1F535E7-03A6-463C-8AB1-B7B467B93D9A}.Debug|Any CPU.Build.0 = Debug|Any CPU
		{F1F535E7-03A6-463C-8AB1-B7B467B93D9A}.Release|Any CPU.ActiveCfg = Release|Any CPU
		{F1F535E7-03A6-463C-8AB1-B7B467B93D9A}.Release|Any CPU.Build.0 = Release|Any CPU
	EndGlobalSection
	GlobalSection(SolutionProperties) = preSolution
		HideSolutionNode = FALSE
	EndGlobalSection
	GlobalSection(ExtensibilityGlobals) = postSolution
		SolutionGuid = {3D1A12DA-92F2-4ECC-A226-1BE4A3955E42}
	EndGlobalSection
EndGlobal
